
Microsoft Visual Studio Solution File, Format Version 12.00
# Visual Studio Version 16
VisualStudioVersion = 16.0.30503.244
MinimumVisualStudioVersion = 10.0.40219.1
Project("{8BC9CEB8-8B4A-11D0-8D11-00A0C91BC942}") = "TextEditorWX", "TextEditorWX\TextEditorWX.vcxproj", "{AE056AE8-916C-4FF1-8461-6B685608A99E}"
EndProject
Global
	GlobalSection(SolutionConfigurationPlatforms) = preSolution
		Debug|x64 = Debug|x64
		Debug|x86 = Debug|x86
		Release|x64 = Release|x64
		Release|x86 = Release|x86
	EndGlobalSection
	GlobalSection(ProjectConfigurationPlatforms) = postSolution
		{AE056AE8-916C-4FF1-8461-6B685608A99E}.Debug|x64.ActiveCfg = Debug|x64
		{AE056AE8-916C-4FF1-8461-6B685608A99E}.Debug|x64.Build.0 = Debug|x64
		{AE056AE8-916C-4FF1-8461-6B685608A99E}.Debug|x86.ActiveCfg = Debug|Win32
		{AE056AE8-916C-4FF1-8461-6B685608A99E}.Debug|x86.Build.0 = Debug|Win32
		{AE056AE8-916C-4FF1-8461-6B685608A99E}.Release|x64.ActiveCfg = Release|x64
		{AE056AE8-916C-4FF1-8461-6B685608A99E}.Release|x64.Build.0 = Release|x64
		{AE056AE8-916C-4FF1-8461-6B685608A99E}.Release|x86.ActiveCfg = Release|Win32
		{AE056AE8-916C-4FF1-8461-6B685608A99E}.Release|x86.Build.0 = Release|Win32
	EndGlobalSection
	GlobalSection(SolutionProperties) = preSolution
		HideSolutionNode = FALSE
	EndGlobalSection
	GlobalSection(ExtensibilityGlobals) = postSolution
		SolutionGuid = {55F0D347-9ACE-48AE-9B54-22AAEE207479}
	EndGlobalSection
EndGlobal
